
Microsoft Visual Studio Solution File, Format Version 12.00
# Visual Studio Version 16
VisualStudioVersion = 16.0.31410.357
MinimumVisualStudioVersion = 10.0.40219.1
Project("{FAE04EC0-301F-11D3-BF4B-00C04F79EFBC}") = "aula exe", "aula exe.csproj", "{6ACB54F7-67C9-488F-8D02-1D27A4E49E07}"
EndProject
Global
	GlobalSection(SolutionConfigurationPlatforms) = preSolution
		Debug|Any CPU = Debug|Any CPU
		Release|Any CPU = Release|Any CPU
	EndGlobalSection
	GlobalSection(ProjectConfigurationPlatforms) = postSolution
		{6ACB54F7-67C9-488F-8D02-1D27A4E49E07}.Debug|Any CPU.ActiveCfg = Debug|Any CPU
		{6ACB54F7-67C9-488F-8D02-1D27A4E49E07}.Debug|Any CPU.Build.0 = Debug|Any CPU
		{6ACB54F7-67C9-488F-8D02-1D27A4E49E07}.Release|Any CPU.ActiveCfg = Release|Any CPU
		{6ACB54F7-67C9-488F-8D02-1D27A4E49E07}.Release|Any CPU.Build.0 = Release|Any CPU
	EndGlobalSection
	GlobalSection(SolutionProperties) = preSolution
		HideSolutionNode = FALSE
	EndGlobalSection
	GlobalSection(ExtensibilityGlobals) = postSolution
		SolutionGuid = {E83DBB7C-2805-4F2F-916F-879523DDEDBB}
	EndGlobalSection
EndGlobal
